<?xml version="1.0" encoding="utf-8"?>
<Project ToolsVersion="4.0" xmlns="http://schemas.microsoft.com/developer/msbuild/2003">
  <ItemGroup>
    <Filter Include="소스 파일">
      <UniqueIdentifier>{4FC737F1-C7A5-4376-A066-2A32D752A2FF}</UniqueIdentifier>
      <Extensions>cpp;c;cc;cxx;c++;cppm;ixx;def;odl;idl;hpj;bat;asm;asmx</Extensions>
    </Filter>
    <Filter Include="헤더 파일">
      <UniqueIdentifier>{93995380-89BD-4b04-88EB-625FBE52EBFB}</UniqueIdentifier>
      <Extensions>h;hh;hpp;hxx;h++;hm;inl;inc;ipp;xsd</Extensions>
    </Filter>
    <Filter Include="리소스 파일">
      <UniqueIdentifier>{67DA6AB6-F800-4c08-8B7A-83BB121AAD01}</UniqueIdentifier>
      <Extensions>rc;ico;cur;bmp;dlg;rc2;rct;bin;rgs;gif;jpg;jpeg;jpe;resx;tiff;tif;png;wav;mfcribbon-ms</Extensions>
    </Filter>
    <Filter Include="헤더 파일\Utils">
      <UniqueIdentifier>{3a9d93d3-4874-440e-a282-6d713a099e8d}</UniqueIdentifier>
    </Filter>
    <Filter Include="헤더 파일\DB">
      <UniqueIdentifier>{497a4646-6aac-4f5e-85d5-478197d35ac4}</UniqueIdentifier>
    </Filter>
    <Filter Include="헤더 파일\main">
      <UniqueIdentifier>{9515edde-1624-4a02-a234-95d06cff326e}</UniqueIdentifier>
    </Filter>
  </ItemGroup>
  <ItemGroup>
    <ClInclude Include="MfcProgram.h">
      <Filter>헤더 파일</Filter>
    </ClInclude>
    <ClInclude Include="MfcProgramDlg.h">
      <Filter>헤더 파일</Filter>
    </ClInclude>
    <ClInclude Include="framework.h">
      <Filter>헤더 파일</Filter>
    </ClInclude>
    <ClInclude Include="targetver.h">
      <Filter>헤더 파일</Filter>
    </ClInclude>
    <ClInclude Include="Resource.h">
      <Filter>헤더 파일</Filter>
    </ClInclude>
    <ClInclude Include="pch.h">
      <Filter>헤더 파일</Filter>
    </ClInclude>
    <ClInclude Include="StringUtil.h">
      <Filter>헤더 파일\Utils</Filter>
    </ClInclude>
    <ClInclude Include="DBConfig.h">
      <Filter>헤더 파일\DB</Filter>
    </ClInclude>
    <ClInclude Include="ImageRepository.h">
      <Filter>헤더 파일\main</Filter>
    </ClInclude>
    <ClInclude Include="AppModels.h">
      <Filter>헤더 파일\main</Filter>
    </ClInclude>
    <ClInclude Include="ImageApiService.h">
      <Filter>헤더 파일\main</Filter>
    </ClInclude>
    <ClInclude Include="TempImageUtil.h">
      <Filter>헤더 파일\Utils</Filter>
    </ClInclude>
  </ItemGroup>
  <ItemGroup>
    <ClCompile Include="MfcProgram.cpp">
      <Filter>소스 파일</Filter>
    </ClCompile>
    <ClCompile Include="MfcProgramDlg.cpp">
      <Filter>소스 파일</Filter>
    </ClCompile>
    <ClCompile Include="pch.cpp">
      <Filter>소스 파일</Filter>
    </ClCompile>
    <ClCompile Include="ImageRepository.cpp">
      <Filter>소스 파일</Filter>
    </ClCompile>
    <ClCompile Include="ImageApiService.cpp">
      <Filter>소스 파일</Filter>
    </ClCompile>
    <ClCompile Include="TempImageUtil.cpp">
      <Filter>소스 파일</Filter>
    </ClCompile>
  </ItemGroup>
  <ItemGroup>
    <ResourceCompile Include="MfcProgram.rc">
      <Filter>리소스 파일</Filter>
    </ResourceCompile>
  </ItemGroup>
  <ItemGroup>
    <None Include="res\MfcProgram.rc2">
      <Filter>리소스 파일</Filter>
    </None>
  </ItemGroup>
  <ItemGroup>
    <Image Include="res\MfcProgram.ico">
      <Filter>리소스 파일</Filter>
    </Image>
  </ItemGroup>
</Project>